// !$*UTF8*$!
{
	archiveVersion = 1;
	classes = {
	};
	objectVersion = 46;
	objects = {

/* Begin PBXBuildFile section */
		0645C6BE1B06475A00A9A9CD /* MessageUI.framework in Frameworks */ = {isa = PBXBuildFile; fileRef = 0645C6BD1B06475A00A9A9CD /* MessageUI.framework */; };
		06E04AF01B0532FB001FC016 /* main.m in Sources */ = {isa = PBXBuildFile; fileRef = 06E04AEF1B0532FB001FC016 /* main.m */; };
		06E04AF31B0532FB001FC016 /* AppDelegate.m in Sources */ = {isa = PBXBuildFile; fileRef = 06E04AF21B0532FB001FC016 /* AppDelegate.m */; };
		06E04AF61B0532FB001FC016 /* ViewController.m in Sources */ = {isa = PBXBuildFile; fileRef = 06E04AF51B0532FB001FC016 /* ViewController.m */; };
		06E04B0A1B0532FB001FC016 /* GIFMonsterTests.m in Sources */ = {isa = PBXBuildFile; fileRef = 06E04B091B0532FB001FC016 /* GIFMonsterTests.m */; };
		06E04B141B0590B7001FC016 /* ImageIO.framework in Frameworks */ = {isa = PBXBuildFile; fileRef = 06E04B131B0590B7001FC016 /* ImageIO.framework */; };
		26CCFD351B18B14800006151 /* star_wars.gif in Resources */ = {isa = PBXBuildFile; fileRef = 26CCFD341B18B14800006151 /* star_wars.gif */; };
		26CCFD371B18B15D00006151 /* nyan.gif in Resources */ = {isa = PBXBuildFile; fileRef = 26CCFD361B18B15D00006151 /* nyan.gif */; };
		26CCFD391B18B1C200006151 /* tiger_eating_meat.gif in Resources */ = {isa = PBXBuildFile; fileRef = 26CCFD381B18B1C200006151 /* tiger_eating_meat.gif */; };
		26CCFD3C1B18B22B00006151 /* taco_cat.gif in Resources */ = {isa = PBXBuildFile; fileRef = 26CCFD3A1B18B22B00006151 /* taco_cat.gif */; };
		26CCFD3D1B18B22B00006151 /* many_cats.gif in Resources */ = {isa = PBXBuildFile; fileRef = 26CCFD3B1B18B22B00006151 /* many_cats.gif */; };
		4AF2506F0E5BE2C2AAC8FB53 /* libPods-GIFMonster.a in Frameworks */ = {isa = PBXBuildFile; fileRef = 1F025671374C638A67C1B869 /* libPods-GIFMonster.a */; };
		EC44B161C447252A4709C0D4 /* GMSMSUtil.m in Sources */ = {isa = PBXBuildFile; fileRef = EC44BF5C87380C86CCBB488E /* GMSMSUtil.m */; };
		EC44B3004E8E94C7E292FC0B /* GMGIFGenerator.m in Sources */ = {isa = PBXBuildFile; fileRef = EC44BF7E07C6F7D21D382853 /* GMGIFGenerator.m */; };
		EC44B300AC2DB3A273FBAE9E /* UIColor+GIFMonsterColors.m in Sources */ = {isa = PBXBuildFile; fileRef = EC44BD9D0F36B42487054287 /* UIColor+GIFMonsterColors.m */; };
		EC44B33FC5E8FF7141B0C213 /* monster2.png in Resources */ = {isa = PBXBuildFile; fileRef = EC44BE1B9826F5A38763E695 /* monster2.png */; };
		EC44B3BCB5577B2B21D3EEBB /* Media.xcassets in Resources */ = {isa = PBXBuildFile; fileRef = EC44BDF7614719EAABCDE6C9 /* Media.xcassets */; };
		EC44B524C172D36C9F08D487 /* UIImage+animatedGIF.m in Sources */ = {isa = PBXBuildFile; fileRef = EC44BAEF5E5A4EB232C141F7 /* UIImage+animatedGIF.m */; };
		EC44B65D19BEA9AEF3564DDB /* GMConstants.m in Sources */ = {isa = PBXBuildFile; fileRef = EC44B42EC10B92CE1F107541 /* GMConstants.m */; };
		EC44B6D59D021FB4686B7001 /* UIImage+Ratio.m in Sources */ = {isa = PBXBuildFile; fileRef = EC44BB2624CCA4AAE87E8256 /* UIImage+Ratio.m */; };
		EC44B6EC165E6F9A2213597D /* NARootTouchThroughView.m in Sources */ = {isa = PBXBuildFile; fileRef = EC44B8C5E26DDF96B26D0D7E /* NARootTouchThroughView.m */; };
		EC44B74E9F473AE3C6665B0A /* Main.storyboard in Resources */ = {isa = PBXBuildFile; fileRef = EC44B114BC1A1A10364F2071 /* Main.storyboard */; };
		EC44B8A87484D012A76E851C /* NATouchThroughView.m in Sources */ = {isa = PBXBuildFile; fileRef = EC44BD25B9D39FF7E5499727 /* NATouchThroughView.m */; };
		EC44B988F1BC73DA1FE1D914 /* monster.png in Resources */ = {isa = PBXBuildFile; fileRef = EC44B804835EE3B8CE0B75EC /* monster.png */; };
		EC44B9A9EE4847918E8BF7ED /* GMMemeTextView.m in Sources */ = {isa = PBXBuildFile; fileRef = EC44BCD51E705AC1470CB55B /* GMMemeTextView.m */; };
		EC44BCD0D86925EF02B5A312 /* GMGIFGenerationManager.m in Sources */ = {isa = PBXBuildFile; fileRef = EC44B148C0872C6E951A22A3 /* GMGIFGenerationManager.m */; };
		EC44BCD494A0FC0A0C5A5A2B /* LaunchScreen.xib in Resources */ = {isa = PBXBuildFile; fileRef = EC44BE89F20F235B3B69E78D /* LaunchScreen.xib */; };
		EC44BE5B0A05E657A58061A8 /* GMGIFCollectionViewCell.m in Sources */ = {isa = PBXBuildFile; fileRef = EC44B30549020E2417E6E696 /* GMGIFCollectionViewCell.m */; };
		EC44BF35E948F9E3ED7D00DE /* GMSnapshotGenerator.m in Sources */ = {isa = PBXBuildFile; fileRef = EC44B8AEB10C24502599D06C /* GMSnapshotGenerator.m */; };
/* End PBXBuildFile section */

/* Begin PBXContainerItemProxy section */
		06E04B041B0532FB001FC016 /* PBXContainerItemProxy */ = {
			isa = PBXContainerItemProxy;
			containerPortal = 06E04AE21B0532FB001FC016 /* Project object */;
			proxyType = 1;
			remoteGlobalIDString = 06E04AE91B0532FB001FC016;
			remoteInfo = GIFMonster;
		};
/* End PBXContainerItemProxy section */

/* Begin PBXFileReference section */
		0389C5FBAF8601C4D0B397C6 /* Pods-GIFMonster.debug.xcconfig */ = {isa = PBXFileReference; includeInIndex = 1; lastKnownFileType = text.xcconfig; name = "Pods-GIFMonster.debug.xcconfig"; path = "Pods/Target Support Files/Pods-GIFMonster/Pods-GIFMonster.debug.xcconfig"; sourceTree = "<group>"; };
		0645C6BD1B06475A00A9A9CD /* MessageUI.framework */ = {isa = PBXFileReference; lastKnownFileType = wrapper.framework; name = MessageUI.framework; path = System/Library/Frameworks/MessageUI.framework; sourceTree = SDKROOT; };
		06E04AEA1B0532FB001FC016 /* GIFMonster.app */ = {isa = PBXFileReference; explicitFileType = wrapper.application; includeInIndex = 0; path = GIFMonster.app; sourceTree = BUILT_PRODUCTS_DIR; };
		06E04AEE1B0532FB001FC016 /* Info.plist */ = {isa = PBXFileReference; lastKnownFileType = text.plist.xml; path = Info.plist; sourceTree = "<group>"; };
		06E04AEF1B0532FB001FC016 /* main.m */ = {isa = PBXFileReference; lastKnownFileType = sourcecode.c.objc; path = main.m; sourceTree = "<group>"; };
		06E04AF11B0532FB001FC016 /* AppDelegate.h */ = {isa = PBXFileReference; lastKnownFileType = sourcecode.c.h; path = AppDelegate.h; sourceTree = "<group>"; };
		06E04AF21B0532FB001FC016 /* AppDelegate.m */ = {isa = PBXFileReference; lastKnownFileType = sourcecode.c.objc; path = AppDelegate.m; sourceTree = "<group>"; };
		06E04AF41B0532FB001FC016 /* ViewController.h */ = {isa = PBXFileReference; lastKnownFileType = sourcecode.c.h; path = ViewController.h; sourceTree = "<group>"; };
		06E04AF51B0532FB001FC016 /* ViewController.m */ = {isa = PBXFileReference; lastKnownFileType = sourcecode.c.objc; path = ViewController.m; sourceTree = "<group>"; };
		06E04B031B0532FB001FC016 /* GIFMonsterTests.xctest */ = {isa = PBXFileReference; explicitFileType = wrapper.cfbundle; includeInIndex = 0; path = GIFMonsterTests.xctest; sourceTree = BUILT_PRODUCTS_DIR; };
		06E04B081B0532FB001FC016 /* Info.plist */ = {isa = PBXFileReference; lastKnownFileType = text.plist.xml; path = Info.plist; sourceTree = "<group>"; };
		06E04B091B0532FB001FC016 /* GIFMonsterTests.m */ = {isa = PBXFileReference; lastKnownFileType = sourcecode.c.objc; path = GIFMonsterTests.m; sourceTree = "<group>"; };
		06E04B131B0590B7001FC016 /* ImageIO.framework */ = {isa = PBXFileReference; lastKnownFileType = wrapper.framework; name = ImageIO.framework; path = System/Library/Frameworks/ImageIO.framework; sourceTree = SDKROOT; };
		1F025671374C638A67C1B869 /* libPods-GIFMonster.a */ = {isa = PBXFileReference; explicitFileType = archive.ar; includeInIndex = 0; path = "libPods-GIFMonster.a"; sourceTree = BUILT_PRODUCTS_DIR; };
		26CCFD341B18B14800006151 /* star_wars.gif */ = {isa = PBXFileReference; lastKnownFileType = image.gif; path = star_wars.gif; sourceTree = "<group>"; };
		26CCFD361B18B15D00006151 /* nyan.gif */ = {isa = PBXFileReference; lastKnownFileType = image.gif; path = nyan.gif; sourceTree = "<group>"; };
		26CCFD381B18B1C200006151 /* tiger_eating_meat.gif */ = {isa = PBXFileReference; lastKnownFileType = image.gif; path = tiger_eating_meat.gif; sourceTree = "<group>"; };
		26CCFD3A1B18B22B00006151 /* taco_cat.gif */ = {isa = PBXFileReference; lastKnownFileType = image.gif; path = taco_cat.gif; sourceTree = "<group>"; };
		26CCFD3B1B18B22B00006151 /* many_cats.gif */ = {isa = PBXFileReference; lastKnownFileType = image.gif; path = many_cats.gif; sourceTree = "<group>"; };
		A8793B3601A3DE0450399FC5 /* Pods-GIFMonster.release.xcconfig */ = {isa = PBXFileReference; includeInIndex = 1; lastKnownFileType = text.xcconfig; name = "Pods-GIFMonster.release.xcconfig"; path = "Pods/Target Support Files/Pods-GIFMonster/Pods-GIFMonster.release.xcconfig"; sourceTree = "<group>"; };
		EC44B0A131843C5A7F4095B8 /* NARootTouchThroughView.h */ = {isa = PBXFileReference; fileEncoding = 4; lastKnownFileType = sourcecode.c.h; path = NARootTouchThroughView.h; sourceTree = "<group>"; };
		EC44B148C0872C6E951A22A3 /* GMGIFGenerationManager.m */ = {isa = PBXFileReference; fileEncoding = 4; lastKnownFileType = sourcecode.c.objc; path = GMGIFGenerationManager.m; sourceTree = "<group>"; };
		EC44B238DC4727F736696C0E /* GMGIFCollectionViewCell.h */ = {isa = PBXFileReference; fileEncoding = 4; lastKnownFileType = sourcecode.c.h; path = GMGIFCollectionViewCell.h; sourceTree = "<group>"; };
		EC44B2B0E4172A8EED5D5EB1 /* UIImage+animatedGIF.h */ = {isa = PBXFileReference; fileEncoding = 4; lastKnownFileType = sourcecode.c.h; path = "UIImage+animatedGIF.h"; sourceTree = "<group>"; };
		EC44B2FA7B5634CEF0DB6464 /* GMConstants.h */ = {isa = PBXFileReference; fileEncoding = 4; lastKnownFileType = sourcecode.c.h; path = GMConstants.h; sourceTree = "<group>"; };
		EC44B30549020E2417E6E696 /* GMGIFCollectionViewCell.m */ = {isa = PBXFileReference; fileEncoding = 4; lastKnownFileType = sourcecode.c.objc; path = GMGIFCollectionViewCell.m; sourceTree = "<group>"; };
		EC44B42EC10B92CE1F107541 /* GMConstants.m */ = {isa = PBXFileReference; fileEncoding = 4; lastKnownFileType = sourcecode.c.objc; path = GMConstants.m; sourceTree = "<group>"; };
		EC44B74ACE0A70AEE7F45F95 /* GMMemeTextView.h */ = {isa = PBXFileReference; fileEncoding = 4; lastKnownFileType = sourcecode.c.h; path = GMMemeTextView.h; sourceTree = "<group>"; };
		EC44B7688223621A69AF1E43 /* NATouchThroughView.h */ = {isa = PBXFileReference; fileEncoding = 4; lastKnownFileType = sourcecode.c.h; path = NATouchThroughView.h; sourceTree = "<group>"; };
		EC44B77CCD2E574A5BCE1C0B /* GMSMSUtil.h */ = {isa = PBXFileReference; fileEncoding = 4; lastKnownFileType = sourcecode.c.h; path = GMSMSUtil.h; sourceTree = "<group>"; };
		EC44B79C85CE6BA36CFAEDE2 /* UIColor+GIFMonsterColors.h */ = {isa = PBXFileReference; fileEncoding = 4; lastKnownFileType = sourcecode.c.h; path = "UIColor+GIFMonsterColors.h"; sourceTree = "<group>"; };
		EC44B804835EE3B8CE0B75EC /* monster.png */ = {isa = PBXFileReference; lastKnownFileType = image.png; path = monster.png; sourceTree = "<group>"; };
		EC44B8AEB10C24502599D06C /* GMSnapshotGenerator.m */ = {isa = PBXFileReference; fileEncoding = 4; lastKnownFileType = sourcecode.c.objc; path = GMSnapshotGenerator.m; sourceTree = "<group>"; };
		EC44B8C5E26DDF96B26D0D7E /* NARootTouchThroughView.m */ = {isa = PBXFileReference; fileEncoding = 4; lastKnownFileType = sourcecode.c.objc; path = NARootTouchThroughView.m; sourceTree = "<group>"; };
		EC44B90C384EE9019D1EE694 /* GMSnapshotGenerator.h */ = {isa = PBXFileReference; fileEncoding = 4; lastKnownFileType = sourcecode.c.h; path = GMSnapshotGenerator.h; sourceTree = "<group>"; };
		EC44BAEF5E5A4EB232C141F7 /* UIImage+animatedGIF.m */ = {isa = PBXFileReference; fileEncoding = 4; lastKnownFileType = sourcecode.c.objc; path = "UIImage+animatedGIF.m"; sourceTree = "<group>"; };
		EC44BB214EE3C2DB12A42D66 /* GMGIFGenerationManager.h */ = {isa = PBXFileReference; fileEncoding = 4; lastKnownFileType = sourcecode.c.h; path = GMGIFGenerationManager.h; sourceTree = "<group>"; };
		EC44BB2624CCA4AAE87E8256 /* UIImage+Ratio.m */ = {isa = PBXFileReference; fileEncoding = 4; lastKnownFileType = sourcecode.c.objc; path = "UIImage+Ratio.m"; sourceTree = "<group>"; };
		EC44BC2CF38164AD9FAA5AAE /* Base */ = {isa = PBXFileReference; lastKnownFileType = file.xib; name = Base; path = Base.lproj/LaunchScreen.xib; sourceTree = "<group>"; };
		EC44BCAF8466103926AB259D /* GMGIFGenerator.h */ = {isa = PBXFileReference; fileEncoding = 4; lastKnownFileType = sourcecode.c.h; path = GMGIFGenerator.h; sourceTree = "<group>"; };
		EC44BCD51E705AC1470CB55B /* GMMemeTextView.m */ = {isa = PBXFileReference; fileEncoding = 4; lastKnownFileType = sourcecode.c.objc; path = GMMemeTextView.m; sourceTree = "<group>"; };
		EC44BCED7418C52665D97BFB /* UIImage+Ratio.h */ = {isa = PBXFileReference; fileEncoding = 4; lastKnownFileType = sourcecode.c.h; path = "UIImage+Ratio.h"; sourceTree = "<group>"; };
		EC44BD25B9D39FF7E5499727 /* NATouchThroughView.m */ = {isa = PBXFileReference; fileEncoding = 4; lastKnownFileType = sourcecode.c.objc; path = NATouchThroughView.m; sourceTree = "<group>"; };
		EC44BD7A8C4538B7D2A0F56D /* Base */ = {isa = PBXFileReference; lastKnownFileType = file.storyboard; name = Base; path = Base.lproj/Main.storyboard; sourceTree = "<group>"; };
		EC44BD9D0F36B42487054287 /* UIColor+GIFMonsterColors.m */ = {isa = PBXFileReference; fileEncoding = 4; lastKnownFileType = sourcecode.c.objc; path = "UIColor+GIFMonsterColors.m"; sourceTree = "<group>"; };
		EC44BDF7614719EAABCDE6C9 /* Media.xcassets */ = {isa = PBXFileReference; lastKnownFileType = folder.assetcatalog; path = Media.xcassets; sourceTree = SOURCE_ROOT; };
		EC44BE1B9826F5A38763E695 /* monster2.png */ = {isa = PBXFileReference; lastKnownFileType = image.png; path = monster2.png; sourceTree = "<group>"; };
		EC44BF5C87380C86CCBB488E /* GMSMSUtil.m */ = {isa = PBXFileReference; fileEncoding = 4; lastKnownFileType = sourcecode.c.objc; path = GMSMSUtil.m; sourceTree = "<group>"; };
		EC44BF7E07C6F7D21D382853 /* GMGIFGenerator.m */ = {isa = PBXFileReference; fileEncoding = 4; lastKnownFileType = sourcecode.c.objc; path = GMGIFGenerator.m; sourceTree = "<group>"; };
/* End PBXFileReference section */

/* Begin PBXFrameworksBuildPhase section */
		06E04AE71B0532FB001FC016 /* Frameworks */ = {
			isa = PBXFrameworksBuildPhase;
			buildActionMask = 2147483647;
			files = (
				0645C6BE1B06475A00A9A9CD /* MessageUI.framework in Frameworks */,
				06E04B141B0590B7001FC016 /* ImageIO.framework in Frameworks */,
				4AF2506F0E5BE2C2AAC8FB53 /* libPods-GIFMonster.a in Frameworks */,
			);
			runOnlyForDeploymentPostprocessing = 0;
		};
		06E04B001B0532FB001FC016 /* Frameworks */ = {
			isa = PBXFrameworksBuildPhase;
			buildActionMask = 2147483647;
			files = (
			);
			runOnlyForDeploymentPostprocessing = 0;
		};
/* End PBXFrameworksBuildPhase section */

/* Begin PBXGroup section */
		06E04AE11B0532FB001FC016 = {
			isa = PBXGroup;
			children = (
				06E04AEC1B0532FB001FC016 /* GIFMonster */,
				06E04B061B0532FB001FC016 /* GIFMonsterTests */,
				06E04AEB1B0532FB001FC016 /* Products */,
				A66A54243852C5F3D1D0E58B /* Pods */,
				20B2DBAD443FF0F88EBB042F /* Frameworks */,
			);
			sourceTree = "<group>";
		};
		06E04AEB1B0532FB001FC016 /* Products */ = {
			isa = PBXGroup;
			children = (
				06E04AEA1B0532FB001FC016 /* GIFMonster.app */,
				06E04B031B0532FB001FC016 /* GIFMonsterTests.xctest */,
			);
			name = Products;
			sourceTree = "<group>";
		};
		06E04AEC1B0532FB001FC016 /* GIFMonster */ = {
			isa = PBXGroup;
			children = (
				06E04AF11B0532FB001FC016 /* AppDelegate.h */,
				06E04AF21B0532FB001FC016 /* AppDelegate.m */,
				06E04AF41B0532FB001FC016 /* ViewController.h */,
				06E04AF51B0532FB001FC016 /* ViewController.m */,
				06E04AED1B0532FB001FC016 /* Supporting Files */,
				EC44B9DABBA7CC50DE8DF8BB /* Images */,
				EC44B9999F3076B99DC07741 /* Util */,
				EC44B834C2EDDE433193FA19 /* GIFGeneration */,
				EC44BBA1305E7F70ABDFD41A /* View */,
			);
			path = GIFMonster;
			sourceTree = "<group>";
		};
		06E04AED1B0532FB001FC016 /* Supporting Files */ = {
			isa = PBXGroup;
			children = (
				06E04AEE1B0532FB001FC016 /* Info.plist */,
				06E04AEF1B0532FB001FC016 /* main.m */,
				EC44BE89F20F235B3B69E78D /* LaunchScreen.xib */,
				EC44B114BC1A1A10364F2071 /* Main.storyboard */,
				EC44BDF7614719EAABCDE6C9 /* Media.xcassets */,
			);
			name = "Supporting Files";
			sourceTree = "<group>";
		};
		06E04B061B0532FB001FC016 /* GIFMonsterTests */ = {
			isa = PBXGroup;
			children = (
				06E04B091B0532FB001FC016 /* GIFMonsterTests.m */,
				06E04B071B0532FB001FC016 /* Supporting Files */,
			);
			path = GIFMonsterTests;
			sourceTree = "<group>";
		};
		06E04B071B0532FB001FC016 /* Supporting Files */ = {
			isa = PBXGroup;
			children = (
				06E04B081B0532FB001FC016 /* Info.plist */,
			);
			name = "Supporting Files";
			sourceTree = "<group>";
		};
		20B2DBAD443FF0F88EBB042F /* Frameworks */ = {
			isa = PBXGroup;
			children = (
				0645C6BD1B06475A00A9A9CD /* MessageUI.framework */,
				06E04B131B0590B7001FC016 /* ImageIO.framework */,
				1F025671374C638A67C1B869 /* libPods-GIFMonster.a */,
			);
			name = Frameworks;
			sourceTree = "<group>";
		};
		A66A54243852C5F3D1D0E58B /* Pods */ = {
			isa = PBXGroup;
			children = (
				0389C5FBAF8601C4D0B397C6 /* Pods-GIFMonster.debug.xcconfig */,
				A8793B3601A3DE0450399FC5 /* Pods-GIFMonster.release.xcconfig */,
			);
			name = Pods;
			sourceTree = "<group>";
		};
		EC44B834C2EDDE433193FA19 /* GIFGeneration */ = {
			isa = PBXGroup;
			children = (
				EC44B148C0872C6E951A22A3 /* GMGIFGenerationManager.m */,
				EC44BF7E07C6F7D21D382853 /* GMGIFGenerator.m */,
				EC44BB214EE3C2DB12A42D66 /* GMGIFGenerationManager.h */,
				EC44B90C384EE9019D1EE694 /* GMSnapshotGenerator.h */,
				EC44B8AEB10C24502599D06C /* GMSnapshotGenerator.m */,
				EC44BCAF8466103926AB259D /* GMGIFGenerator.h */,
			);
			path = GIFGeneration;
			sourceTree = "<group>";
		};
		EC44B9999F3076B99DC07741 /* Util */ = {
			isa = PBXGroup;
			children = (
				EC44B2B0E4172A8EED5D5EB1 /* UIImage+animatedGIF.h */,
				EC44BAEF5E5A4EB232C141F7 /* UIImage+animatedGIF.m */,
				EC44BB2624CCA4AAE87E8256 /* UIImage+Ratio.m */,
				EC44BCED7418C52665D97BFB /* UIImage+Ratio.h */,
				EC44BD9D0F36B42487054287 /* UIColor+GIFMonsterColors.m */,
				EC44B79C85CE6BA36CFAEDE2 /* UIColor+GIFMonsterColors.h */,
				EC44B0A131843C5A7F4095B8 /* NARootTouchThroughView.h */,
				EC44B8C5E26DDF96B26D0D7E /* NARootTouchThroughView.m */,
				EC44B7688223621A69AF1E43 /* NATouchThroughView.h */,
				EC44BD25B9D39FF7E5499727 /* NATouchThroughView.m */,
				EC44BF5C87380C86CCBB488E /* GMSMSUtil.m */,
				EC44B77CCD2E574A5BCE1C0B /* GMSMSUtil.h */,
				EC44B42EC10B92CE1F107541 /* GMConstants.m */,
				EC44B2FA7B5634CEF0DB6464 /* GMConstants.h */,
			);
			path = Util;
			sourceTree = "<group>";
		};
		EC44B9DABBA7CC50DE8DF8BB /* Images */ = {
			isa = PBXGroup;
			children = (
				EC44B804835EE3B8CE0B75EC /* monster.png */,
				26CCFD381B18B1C200006151 /* tiger_eating_meat.gif */,
				26CCFD3A1B18B22B00006151 /* taco_cat.gif */,
				26CCFD3B1B18B22B00006151 /* many_cats.gif */,
				26CCFD361B18B15D00006151 /* nyan.gif */,
				26CCFD341B18B14800006151 /* star_wars.gif */,
				EC44BE1B9826F5A38763E695 /* monster2.png */,
			);
			path = Images;
			sourceTree = "<group>";
		};
		EC44BBA1305E7F70ABDFD41A /* View */ = {
			isa = PBXGroup;
			children = (
				EC44BCD51E705AC1470CB55B /* GMMemeTextView.m */,
				EC44B74ACE0A70AEE7F45F95 /* GMMemeTextView.h */,
				EC44B30549020E2417E6E696 /* GMGIFCollectionViewCell.m */,
				EC44B238DC4727F736696C0E /* GMGIFCollectionViewCell.h */,
			);
			path = View;
			sourceTree = "<group>";
		};
/* End PBXGroup section */

/* Begin PBXNativeTarget section */
		06E04AE91B0532FB001FC016 /* GIFMonster */ = {
			isa = PBXNativeTarget;
			buildConfigurationList = 06E04B0D1B0532FB001FC016 /* Build configuration list for PBXNativeTarget "GIFMonster" */;
			buildPhases = (
				007458F0BEB1B4507F8D9A9D /* Check Pods Manifest.lock */,
				06E04AE61B0532FB001FC016 /* Sources */,
				06E04AE71B0532FB001FC016 /* Frameworks */,
				06E04AE81B0532FB001FC016 /* Resources */,
				9DE1D9D7106F2923AA91C9C3 /* Copy Pods Resources */,
			);
			buildRules = (
			);
			dependencies = (
			);
			name = GIFMonster;
			productName = GIFMonster;
			productReference = 06E04AEA1B0532FB001FC016 /* GIFMonster.app */;
			productType = "com.apple.product-type.application";
		};
		06E04B021B0532FB001FC016 /* GIFMonsterTests */ = {
			isa = PBXNativeTarget;
			buildConfigurationList = 06E04B101B0532FB001FC016 /* Build configuration list for PBXNativeTarget "GIFMonsterTests" */;
			buildPhases = (
				06E04AFF1B0532FB001FC016 /* Sources */,
				06E04B001B0532FB001FC016 /* Frameworks */,
				06E04B011B0532FB001FC016 /* Resources */,
			);
			buildRules = (
			);
			dependencies = (
				06E04B051B0532FB001FC016 /* PBXTargetDependency */,
			);
			name = GIFMonsterTests;
			productName = GIFMonsterTests;
			productReference = 06E04B031B0532FB001FC016 /* GIFMonsterTests.xctest */;
			productType = "com.apple.product-type.bundle.unit-test";
		};
/* End PBXNativeTarget section */

/* Begin PBXProject section */
		06E04AE21B0532FB001FC016 /* Project object */ = {
			isa = PBXProject;
			attributes = {
				LastUpgradeCheck = 0630;
				ORGANIZATIONNAME = PaperlessPost;
				TargetAttributes = {
					06E04AE91B0532FB001FC016 = {
						CreatedOnToolsVersion = 6.3.1;
					};
					06E04B021B0532FB001FC016 = {
						CreatedOnToolsVersion = 6.3.1;
						TestTargetID = 06E04AE91B0532FB001FC016;
					};
				};
			};
			buildConfigurationList = 06E04AE51B0532FB001FC016 /* Build configuration list for PBXProject "GIFMonster" */;
			compatibilityVersion = "Xcode 3.2";
			developmentRegion = English;
			hasScannedForEncodings = 0;
			knownRegions = (
				en,
				Base,
			);
			mainGroup = 06E04AE11B0532FB001FC016;
			productRefGroup = 06E04AEB1B0532FB001FC016 /* Products */;
			projectDirPath = "";
			projectRoot = "";
			targets = (
				06E04AE91B0532FB001FC016 /* GIFMonster */,
				06E04B021B0532FB001FC016 /* GIFMonsterTests */,
			);
		};
/* End PBXProject section */

/* Begin PBXResourcesBuildPhase section */
		06E04AE81B0532FB001FC016 /* Resources */ = {
			isa = PBXResourcesBuildPhase;
			buildActionMask = 2147483647;
			files = (
				26CCFD3D1B18B22B00006151 /* many_cats.gif in Resources */,
				EC44B988F1BC73DA1FE1D914 /* monster.png in Resources */,
				26CCFD391B18B1C200006151 /* tiger_eating_meat.gif in Resources */,
				EC44B33FC5E8FF7141B0C213 /* monster2.png in Resources */,
				26CCFD371B18B15D00006151 /* nyan.gif in Resources */,
				EC44BCD494A0FC0A0C5A5A2B /* LaunchScreen.xib in Resources */,
				26CCFD351B18B14800006151 /* star_wars.gif in Resources */,
				EC44B74E9F473AE3C6665B0A /* Main.storyboard in Resources */,
				26CCFD3C1B18B22B00006151 /* taco_cat.gif in Resources */,
				EC44B3BCB5577B2B21D3EEBB /* Media.xcassets in Resources */,
			);
			runOnlyForDeploymentPostprocessing = 0;
		};
		06E04B011B0532FB001FC016 /* Resources */ = {
			isa = PBXResourcesBuildPhase;
			buildActionMask = 2147483647;
			files = (
			);
			runOnlyForDeploymentPostprocessing = 0;
		};
/* End PBXResourcesBuildPhase section */

/* Begin PBXShellScriptBuildPhase section */
		007458F0BEB1B4507F8D9A9D /* Check Pods Manifest.lock */ = {
			isa = PBXShellScriptBuildPhase;
			buildActionMask = 2147483647;
			files = (
			);
			inputPaths = (
			);
			name = "Check Pods Manifest.lock";
			outputPaths = (
			);
			runOnlyForDeploymentPostprocessing = 0;
			shellPath = /bin/sh;
			shellScript = "diff \"${PODS_ROOT}/../Podfile.lock\" \"${PODS_ROOT}/Manifest.lock\" > /dev/null\nif [[ $? != 0 ]] ; then\n    cat << EOM\nerror: The sandbox is not in sync with the Podfile.lock. Run 'pod install' or update your CocoaPods installation.\nEOM\n    exit 1\nfi\n";
			showEnvVarsInLog = 0;
		};
		9DE1D9D7106F2923AA91C9C3 /* Copy Pods Resources */ = {
			isa = PBXShellScriptBuildPhase;
			buildActionMask = 2147483647;
			files = (
			);
			inputPaths = (
			);
			name = "Copy Pods Resources";
			outputPaths = (
			);
			runOnlyForDeploymentPostprocessing = 0;
			shellPath = /bin/sh;
			shellScript = "\"${SRCROOT}/Pods/Target Support Files/Pods-GIFMonster/Pods-GIFMonster-resources.sh\"\n";
			showEnvVarsInLog = 0;
		};
/* End PBXShellScriptBuildPhase section */

/* Begin PBXSourcesBuildPhase section */
		06E04AE61B0532FB001FC016 /* Sources */ = {
			isa = PBXSourcesBuildPhase;
			buildActionMask = 2147483647;
			files = (
				06E04AF61B0532FB001FC016 /* ViewController.m in Sources */,
				06E04AF31B0532FB001FC016 /* AppDelegate.m in Sources */,
				06E04AF01B0532FB001FC016 /* main.m in Sources */,
				EC44B524C172D36C9F08D487 /* UIImage+animatedGIF.m in Sources */,
				EC44BCD0D86925EF02B5A312 /* GMGIFGenerationManager.m in Sources */,
				EC44B3004E8E94C7E292FC0B /* GMGIFGenerator.m in Sources */,
				EC44BF35E948F9E3ED7D00DE /* GMSnapshotGenerator.m in Sources */,
				EC44B6D59D021FB4686B7001 /* UIImage+Ratio.m in Sources */,
				EC44B300AC2DB3A273FBAE9E /* UIColor+GIFMonsterColors.m in Sources */,
				EC44B9A9EE4847918E8BF7ED /* GMMemeTextView.m in Sources */,
				EC44BE5B0A05E657A58061A8 /* GMGIFCollectionViewCell.m in Sources */,
				EC44B6EC165E6F9A2213597D /* NARootTouchThroughView.m in Sources */,
				EC44B8A87484D012A76E851C /* NATouchThroughView.m in Sources */,
				EC44B161C447252A4709C0D4 /* GMSMSUtil.m in Sources */,
				EC44B65D19BEA9AEF3564DDB /* GMConstants.m in Sources */,
			);
			runOnlyForDeploymentPostprocessing = 0;
		};
		06E04AFF1B0532FB001FC016 /* Sources */ = {
			isa = PBXSourcesBuildPhase;
			buildActionMask = 2147483647;
			files = (
				06E04B0A1B0532FB001FC016 /* GIFMonsterTests.m in Sources */,
			);
			runOnlyForDeploymentPostprocessing = 0;
		};
/* End PBXSourcesBuildPhase section */

/* Begin PBXTargetDependency section */
		06E04B051B0532FB001FC016 /* PBXTargetDependency */ = {
			isa = PBXTargetDependency;
			target = 06E04AE91B0532FB001FC016 /* GIFMonster */;
			targetProxy = 06E04B041B0532FB001FC016 /* PBXContainerItemProxy */;
		};
/* End PBXTargetDependency section */

/* Begin PBXVariantGroup section */
		EC44B114BC1A1A10364F2071 /* Main.storyboard */ = {
			isa = PBXVariantGroup;
			children = (
				EC44BD7A8C4538B7D2A0F56D /* Base */,
			);
			name = Main.storyboard;
			sourceTree = "<group>";
		};
		EC44BE89F20F235B3B69E78D /* LaunchScreen.xib */ = {
			isa = PBXVariantGroup;
			children = (
				EC44BC2CF38164AD9FAA5AAE /* Base */,
			);
			name = LaunchScreen.xib;
			sourceTree = "<group>";
		};
/* End PBXVariantGroup section */

/* Begin XCBuildConfiguration section */
		06E04B0B1B0532FB001FC016 /* Debug */ = {
			isa = XCBuildConfiguration;
			buildSettings = {
				ALWAYS_SEARCH_USER_PATHS = NO;
				CLANG_CXX_LANGUAGE_STANDARD = "gnu++0x";
				CLANG_CXX_LIBRARY = "libc++";
				CLANG_ENABLE_MODULES = YES;
				CLANG_ENABLE_OBJC_ARC = YES;
				CLANG_WARN_BOOL_CONVERSION = YES;
				CLANG_WARN_CONSTANT_CONVERSION = YES;
				CLANG_WARN_DIRECT_OBJC_ISA_USAGE = YES_ERROR;
				CLANG_WARN_EMPTY_BODY = YES;
				CLANG_WARN_ENUM_CONVERSION = YES;
				CLANG_WARN_INT_CONVERSION = YES;
				CLANG_WARN_OBJC_ROOT_CLASS = YES_ERROR;
				CLANG_WARN_UNREACHABLE_CODE = YES;
				CLANG_WARN__DUPLICATE_METHOD_MATCH = YES;
				"CODE_SIGN_IDENTITY[sdk=iphoneos*]" = "iPhone Developer";
				COPY_PHASE_STRIP = NO;
				DEBUG_INFORMATION_FORMAT = "dwarf-with-dsym";
				ENABLE_STRICT_OBJC_MSGSEND = YES;
				GCC_C_LANGUAGE_STANDARD = gnu99;
				GCC_DYNAMIC_NO_PIC = NO;
				GCC_NO_COMMON_BLOCKS = YES;
				GCC_OPTIMIZATION_LEVEL = 0;
				GCC_PREPROCESSOR_DEFINITIONS = (
					"DEBUG=1",
					"$(inherited)",
				);
				GCC_SYMBOLS_PRIVATE_EXTERN = NO;
				GCC_WARN_64_TO_32_BIT_CONVERSION = YES;
				GCC_WARN_ABOUT_RETURN_TYPE = YES_ERROR;
				GCC_WARN_UNDECLARED_SELECTOR = YES;
				GCC_WARN_UNINITIALIZED_AUTOS = YES_AGGRESSIVE;
				GCC_WARN_UNUSED_FUNCTION = YES;
				GCC_WARN_UNUSED_VARIABLE = YES;
				IPHONEOS_DEPLOYMENT_TARGET = 8.3;
				MTL_ENABLE_DEBUG_INFO = YES;
				ONLY_ACTIVE_ARCH = YES;
				SDKROOT = iphoneos;
				TARGETED_DEVICE_FAMILY = "1,2";
			};
			name = Debug;
		};
		06E04B0C1B0532FB001FC016 /* Release */ = {
			isa = XCBuildConfiguration;
			buildSettings = {
				ALWAYS_SEARCH_USER_PATHS = NO;
				CLANG_CXX_LANGUAGE_STANDARD = "gnu++0x";
				CLANG_CXX_LIBRARY = "libc++";
				CLANG_ENABLE_MODULES = YES;
				CLANG_ENABLE_OBJC_ARC = YES;
				CLANG_WARN_BOOL_CONVERSION = YES;
				CLANG_WARN_CONSTANT_CONVERSION = YES;
				CLANG_WARN_DIRECT_OBJC_ISA_USAGE = YES_ERROR;
				CLANG_WARN_EMPTY_BODY = YES;
				CLANG_WARN_ENUM_CONVERSION = YES;
				CLANG_WARN_INT_CONVERSION = YES;
				CLANG_WARN_OBJC_ROOT_CLASS = YES_ERROR;
				CLANG_WARN_UNREACHABLE_CODE = YES;
				CLANG_WARN__DUPLICATE_METHOD_MATCH = YES;
				"CODE_SIGN_IDENTITY[sdk=iphoneos*]" = "iPhone Developer";
				COPY_PHASE_STRIP = NO;
				DEBUG_INFORMATION_FORMAT = "dwarf-with-dsym";
				ENABLE_NS_ASSERTIONS = NO;
				ENABLE_STRICT_OBJC_MSGSEND = YES;
				GCC_C_LANGUAGE_STANDARD = gnu99;
				GCC_NO_COMMON_BLOCKS = YES;
				GCC_WARN_64_TO_32_BIT_CONVERSION = YES;
				GCC_WARN_ABOUT_RETURN_TYPE = YES_ERROR;
				GCC_WARN_UNDECLARED_SELECTOR = YES;
				GCC_WARN_UNINITIALIZED_AUTOS = YES_AGGRESSIVE;
				GCC_WARN_UNUSED_FUNCTION = YES;
				GCC_WARN_UNUSED_VARIABLE = YES;
				IPHONEOS_DEPLOYMENT_TARGET = 8.3;
				MTL_ENABLE_DEBUG_INFO = NO;
				SDKROOT = iphoneos;
				TARGETED_DEVICE_FAMILY = "1,2";
				VALIDATE_PRODUCT = YES;
			};
			name = Release;
		};
		06E04B0E1B0532FB001FC016 /* Debug */ = {
			isa = XCBuildConfiguration;
			baseConfigurationReference = 0389C5FBAF8601C4D0B397C6 /* Pods-GIFMonster.debug.xcconfig */;
			buildSettings = {
				ASSETCATALOG_COMPILER_APPICON_NAME = AppIcon;
				"CODE_SIGN_IDENTITY[sdk=iphoneos*]" = "iPhone Developer";
				INFOPLIST_FILE = GIFMonster/Info.plist;
				IPHONEOS_DEPLOYMENT_TARGET = 8.2;
				LD_RUNPATH_SEARCH_PATHS = "$(inherited) @executable_path/Frameworks";
				PRODUCT_NAME = "$(TARGET_NAME)";
				TARGETED_DEVICE_FAMILY = "1,2";
			};
			name = Debug;
		};
		06E04B0F1B0532FB001FC016 /* Release */ = {
			isa = XCBuildConfiguration;
			baseConfigurationReference = A8793B3601A3DE0450399FC5 /* Pods-GIFMonster.release.xcconfig */;
			buildSettings = {
				ASSETCATALOG_COMPILER_APPICON_NAME = AppIcon;
				INFOPLIST_FILE = GIFMonster/Info.plist;
				IPHONEOS_DEPLOYMENT_TARGET = 8.2;
				LD_RUNPATH_SEARCH_PATHS = "$(inherited) @executable_path/Frameworks";
				PRODUCT_NAME = "$(TARGET_NAME)";
				TARGETED_DEVICE_FAMILY = "1,2";
			};
			name = Release;
		};
		06E04B111B0532FB001FC016 /* Debug */ = {
			isa = XCBuildConfiguration;
			buildSettings = {
				BUNDLE_LOADER = "$(TEST_HOST)";
				FRAMEWORK_SEARCH_PATHS = (
					"$(SDKROOT)/Developer/Library/Frameworks",
					"$(inherited)",
				);
				GCC_PREPROCESSOR_DEFINITIONS = (
					"DEBUG=1",
					"$(inherited)",
				);
				INFOPLIST_FILE = GIFMonsterTests/Info.plist;
				LD_RUNPATH_SEARCH_PATHS = "$(inherited) @executable_path/Frameworks @loader_path/Frameworks";
				PRODUCT_NAME = "$(TARGET_NAME)";
				TEST_HOST = "$(BUILT_PRODUCTS_DIR)/GIFMonster.app/GIFMonster";
			};
			name = Debug;
		};
		06E04B121B0532FB001FC016 /* Release */ = {
			isa = XCBuildConfiguration;
			buildSettings = {
				BUNDLE_LOADER = "$(TEST_HOST)";
				FRAMEWORK_SEARCH_PATHS = (
					"$(SDKROOT)/Developer/Library/Frameworks",
					"$(inherited)",
				);
				INFOPLIST_FILE = GIFMonsterTests/Info.plist;
				LD_RUNPATH_SEARCH_PATHS = "$(inherited) @executable_path/Frameworks @loader_path/Frameworks";
				PRODUCT_NAME = "$(TARGET_NAME)";
				TEST_HOST = "$(BUILT_PRODUCTS_DIR)/GIFMonster.app/GIFMonster";
			};
			name = Release;
		};
/* End XCBuildConfiguration section */

/* Begin XCConfigurationList section */
		06E04AE51B0532FB001FC016 /* Build configuration list for PBXProject "GIFMonster" */ = {
			isa = XCConfigurationList;
			buildConfigurations = (
				06E04B0B1B0532FB001FC016 /* Debug */,
				06E04B0C1B0532FB001FC016 /* Release */,
			);
			defaultConfigurationIsVisible = 0;
			defaultConfigurationName = Release;
		};
		06E04B0D1B0532FB001FC016 /* Build configuration list for PBXNativeTarget "GIFMonster" */ = {
			isa = XCConfigurationList;
			buildConfigurations = (
				06E04B0E1B0532FB001FC016 /* Debug */,
				06E04B0F1B0532FB001FC016 /* Release */,
			);
			defaultConfigurationIsVisible = 0;
			defaultConfigurationName = Release;
		};
		06E04B101B0532FB001FC016 /* Build configuration list for PBXNativeTarget "GIFMonsterTests" */ = {
			isa = XCConfigurationList;
			buildConfigurations = (
				06E04B111B0532FB001FC016 /* Debug */,
				06E04B121B0532FB001FC016 /* Release */,
			);
			defaultConfigurationIsVisible = 0;
			defaultConfigurationName = Release;
		};
/* End XCConfigurationList section */
	};
	rootObject = 06E04AE21B0532FB001FC016 /* Project object */;
}
